
Microsoft Visual Studio Solution File, Format Version 12.00
# Visual Studio Version 17
VisualStudioVersion = 17.0.31903.59
MinimumVisualStudioVersion = 10.0.40219.1
Project("{9A19103F-16F7-4668-BE54-9A1E7A4F7556}") = "Changelog", "Changelog\Changelog.csproj", "{E72721A3-7DA4-4C95-B315-40923AA08E9D}"
EndProject
Global
	GlobalSection(SolutionConfigurationPlatforms) = preSolution
		Debug|Any CPU = Debug|Any CPU
		Release|Any CPU = Release|Any CPU
	EndGlobalSection
	GlobalSection(ProjectConfigurationPlatforms) = postSolution
		{E72721A3-7DA4-4C95-B315-40923AA08E9D}.Debug|Any CPU.ActiveCfg = Debug|Any CPU
		{E72721A3-7DA4-4C95-B315-40923AA08E9D}.Debug|Any CPU.Build.0 = Debug|Any CPU
		{E72721A3-7DA4-4C95-B315-40923AA08E9D}.Release|Any CPU.ActiveCfg = Release|Any CPU
		{E72721A3-7DA4-4C95-B315-40923AA08E9D}.Release|Any CPU.Build.0 = Release|Any CPU
	EndGlobalSection
	GlobalSection(SolutionProperties) = preSolution
		HideSolutionNode = FALSE
	EndGlobalSection
	GlobalSection(ExtensibilityGlobals) = postSolution
		SolutionGuid = {EB0B77DD-8660-4B9D-AD8D-AB7E81ECB985}
	EndGlobalSection
EndGlobal
